
Microsoft Visual Studio Solution File, Format Version 12.00
# Visual Studio Version 16
VisualStudioVersion = 16.0.31105.61
MinimumVisualStudioVersion = 10.0.40219.1
Project("{FAE04EC0-301F-11D3-BF4B-00C04F79EFBC}") = "TestFrameworkCore", "TestFrameworkCore\TestFrameworkCore.csproj", "{1E074F03-616D-4BED-8E8D-D1DCB15D472D}"
EndProject
Project("{FAE04EC0-301F-11D3-BF4B-00C04F79EFBC}") = "Tests", "Tests\Tests.csproj", "{3F93B6FB-99CC-4C59-BC33-6962D7B4AEA2}"
EndProject
Global
	GlobalSection(SolutionConfigurationPlatforms) = preSolution
		Debug|Any CPU = Debug|Any CPU
		Release|Any CPU = Release|Any CPU
	EndGlobalSection
	GlobalSection(ProjectConfigurationPlatforms) = postSolution
		{1E074F03-616D-4BED-8E8D-D1DCB15D472D}.Debug|Any CPU.ActiveCfg = Debug|Any CPU
		{1E074F03-616D-4BED-8E8D-D1DCB15D472D}.Debug|Any CPU.Build.0 = Debug|Any CPU
		{1E074F03-616D-4BED-8E8D-D1DCB15D472D}.Release|Any CPU.ActiveCfg = Release|Any CPU
		{1E074F03-616D-4BED-8E8D-D1DCB15D472D}.Release|Any CPU.Build.0 = Release|Any CPU
		{3F93B6FB-99CC-4C59-BC33-6962D7B4AEA2}.Debug|Any CPU.ActiveCfg = Debug|Any CPU
		{3F93B6FB-99CC-4C59-BC33-6962D7B4AEA2}.Debug|Any CPU.Build.0 = Debug|Any CPU
		{3F93B6FB-99CC-4C59-BC33-6962D7B4AEA2}.Release|Any CPU.ActiveCfg = Release|Any CPU
		{3F93B6FB-99CC-4C59-BC33-6962D7B4AEA2}.Release|Any CPU.Build.0 = Release|Any CPU
	EndGlobalSection
	GlobalSection(SolutionProperties) = preSolution
		HideSolutionNode = FALSE
	EndGlobalSection
	GlobalSection(ExtensibilityGlobals) = postSolution
		SolutionGuid = {4597666E-0CF1-4AC0-9C01-E1D5A9A5AC84}
	EndGlobalSection
EndGlobal
